// !$*UTF8*$!
{
	archiveVersion = 1;
	classes = {
	};
	objectVersion = 53;
	objects = {

/* Begin PBXBuildFile section */
		156812B829C8611900BDE707 /* ReactiveObjC.xcframework in Frameworks */ = {isa = PBXBuildFile; fileRef = 156812B629C8611900BDE707 /* ReactiveObjC.xcframework */; };
		156812B929C8611900BDE707 /* ReactiveSwift.xcframework in Frameworks */ = {isa = PBXBuildFile; fileRef = 156812B729C8611900BDE707 /* ReactiveSwift.xcframework */; };
		9AB5CD651EDAC351004ECB57 /* RACScheduler+SwiftSupport.h in Headers */ = {isa = PBXBuildFile; fileRef = 9AB5CD631EDAC351004ECB57 /* RACScheduler+SwiftSupport.h */; settings = {ATTRIBUTES = (Private, ); }; };
		9AB5CD691EDAC351004ECB57 /* RACScheduler+SwiftSupport.m in Sources */ = {isa = PBXBuildFile; fileRef = 9AB5CD641EDAC351004ECB57 /* RACScheduler+SwiftSupport.m */; };
		D04725F019E49ED7006002AA /* ReactiveObjCBridge.h in Headers */ = {isa = PBXBuildFile; fileRef = D04725EF19E49ED7006002AA /* ReactiveObjCBridge.h */; settings = {ATTRIBUTES = (Public, ); }; };
		D0C312DF19EF2A5800984962 /* ObjectiveCBridging.swift in Sources */ = {isa = PBXBuildFile; fileRef = D0C312C419EF2A5800984962 /* ObjectiveCBridging.swift */; };
/* End PBXBuildFile section */

/* Begin PBXFileReference section */
		156812B629C8611900BDE707 /* ReactiveObjC.xcframework */ = {isa = PBXFileReference; lastKnownFileType = wrapper.xcframework; name = ReactiveObjC.xcframework; path = Carthage/Build/ReactiveObjC.xcframework; sourceTree = "<group>"; };
		156812B729C8611900BDE707 /* ReactiveSwift.xcframework */ = {isa = PBXFileReference; lastKnownFileType = wrapper.xcframework; name = ReactiveSwift.xcframework; path = Carthage/Build/ReactiveSwift.xcframework; sourceTree = "<group>"; };
		9AB5CD631EDAC351004ECB57 /* RACScheduler+SwiftSupport.h */ = {isa = PBXFileReference; fileEncoding = 4; lastKnownFileType = sourcecode.c.h; path = "RACScheduler+SwiftSupport.h"; sourceTree = "<group>"; };
		9AB5CD641EDAC351004ECB57 /* RACScheduler+SwiftSupport.m */ = {isa = PBXFileReference; fileEncoding = 4; lastKnownFileType = sourcecode.c.objc; path = "RACScheduler+SwiftSupport.m"; sourceTree = "<group>"; };
		BE330A0E1D634F1E00806963 /* ReactiveSwift.framework */ = {isa = PBXFileReference; lastKnownFileType = wrapper.framework; name = ReactiveSwift.framework; path = build/Debug/ReactiveSwift.framework; sourceTree = "<group>"; };
		BE330A101D634F2900806963 /* ReactiveSwift.framework */ = {isa = PBXFileReference; lastKnownFileType = wrapper.framework; name = ReactiveSwift.framework; path = build/Debug/ReactiveSwift.framework; sourceTree = "<group>"; };
		BE330A121D634F2E00806963 /* ReactiveSwift.framework */ = {isa = PBXFileReference; lastKnownFileType = wrapper.framework; name = ReactiveSwift.framework; path = "build/Debug-iphoneos/ReactiveSwift.framework"; sourceTree = "<group>"; };
		BE330A141D634F4000806963 /* ReactiveSwift.framework */ = {isa = PBXFileReference; lastKnownFileType = wrapper.framework; name = ReactiveSwift.framework; path = "build/Debug-iphoneos/ReactiveSwift.framework"; sourceTree = "<group>"; };
		BE330A161D634F4E00806963 /* ReactiveSwift.framework */ = {isa = PBXFileReference; lastKnownFileType = wrapper.framework; name = ReactiveSwift.framework; path = "build/Debug-watchos/ReactiveSwift.framework"; sourceTree = "<group>"; };
		BE330A181D634F5900806963 /* ReactiveSwift.framework */ = {isa = PBXFileReference; lastKnownFileType = wrapper.framework; name = ReactiveSwift.framework; path = "build/Debug-appletvos/ReactiveSwift.framework"; sourceTree = "<group>"; };
		BE330A1A1D634F5F00806963 /* ReactiveSwift.framework */ = {isa = PBXFileReference; lastKnownFileType = wrapper.framework; name = ReactiveSwift.framework; path = "build/Debug-appletvos/ReactiveSwift.framework"; sourceTree = "<group>"; };
		BEA5E5D81D864DC900A1F0F2 /* ReactiveObjC.framework */ = {isa = PBXFileReference; lastKnownFileType = wrapper.framework; name = ReactiveObjC.framework; path = build/Debug/ReactiveObjC.framework; sourceTree = "<group>"; };
		BEA5E5DA1D864DD100A1F0F2 /* ReactiveObjC.framework */ = {isa = PBXFileReference; lastKnownFileType = wrapper.framework; name = ReactiveObjC.framework; path = build/Debug/ReactiveObjC.framework; sourceTree = "<group>"; };
		BEA5E5DC1D864DD800A1F0F2 /* ReactiveObjC.framework */ = {isa = PBXFileReference; lastKnownFileType = wrapper.framework; name = ReactiveObjC.framework; path = "build/Debug-iphoneos/ReactiveObjC.framework"; sourceTree = "<group>"; };
		BEA5E5DE1D864DDE00A1F0F2 /* ReactiveObjC.framework */ = {isa = PBXFileReference; lastKnownFileType = wrapper.framework; name = ReactiveObjC.framework; path = "build/Debug-iphoneos/ReactiveObjC.framework"; sourceTree = "<group>"; };
		BEA5E5E01D864DE800A1F0F2 /* ReactiveObjC.framework */ = {isa = PBXFileReference; lastKnownFileType = wrapper.framework; name = ReactiveObjC.framework; path = "build/Debug-watchos/ReactiveObjC.framework"; sourceTree = "<group>"; };
		BEA5E5E21D864DED00A1F0F2 /* ReactiveObjC.framework */ = {isa = PBXFileReference; lastKnownFileType = wrapper.framework; name = ReactiveObjC.framework; path = "build/Debug-appletvos/ReactiveObjC.framework"; sourceTree = "<group>"; };
		BEA5E5E41D864DF400A1F0F2 /* ReactiveObjC.framework */ = {isa = PBXFileReference; lastKnownFileType = wrapper.framework; name = ReactiveObjC.framework; path = "build/Debug-appletvos/ReactiveObjC.framework"; sourceTree = "<group>"; };
		BEA5E5E61D864E7200A1F0F2 /* TestError.swift */ = {isa = PBXFileReference; fileEncoding = 4; lastKnownFileType = sourcecode.swift; path = TestError.swift; sourceTree = "<group>"; };
		CDC42E2E1AE7AB8B00965373 /* Result.framework */ = {isa = PBXFileReference; lastKnownFileType = wrapper.framework; path = Result.framework; sourceTree = BUILT_PRODUCTS_DIR; };
		D037672B19EDA75D00A782A9 /* Quick.framework */ = {isa = PBXFileReference; lastKnownFileType = wrapper.framework; path = Quick.framework; sourceTree = BUILT_PRODUCTS_DIR; };
		D04725EA19E49ED7006002AA /* ReactiveObjCBridge.framework */ = {isa = PBXFileReference; explicitFileType = wrapper.framework; includeInIndex = 0; path = ReactiveObjCBridge.framework; sourceTree = BUILT_PRODUCTS_DIR; };
		D04725EE19E49ED7006002AA /* Info.plist */ = {isa = PBXFileReference; lastKnownFileType = text.plist.xml; path = Info.plist; sourceTree = "<group>"; };
		D04725EF19E49ED7006002AA /* ReactiveObjCBridge.h */ = {isa = PBXFileReference; lastKnownFileType = sourcecode.c.h; path = ReactiveObjCBridge.h; sourceTree = "<group>"; };
		D04725FB19E49ED7006002AA /* Info.plist */ = {isa = PBXFileReference; lastKnownFileType = text.plist.xml; path = Info.plist; sourceTree = "<group>"; };
		D05E662419EDD82000904ACA /* Nimble.framework */ = {isa = PBXFileReference; explicitFileType = wrapper.framework; path = Nimble.framework; sourceTree = BUILT_PRODUCTS_DIR; };
		D0A226101A72F30B00D33B74 /* ObjectiveCBridgingSpec.swift */ = {isa = PBXFileReference; fileEncoding = 4; lastKnownFileType = sourcecode.swift; lineEnding = 0; path = ObjectiveCBridgingSpec.swift; sourceTree = "<group>"; xcLanguageSpecificationIdentifier = xcode.lang.swift; };
		D0C312C419EF2A5800984962 /* ObjectiveCBridging.swift */ = {isa = PBXFileReference; fileEncoding = 4; lastKnownFileType = sourcecode.swift; path = ObjectiveCBridging.swift; sourceTree = "<group>"; };
/* End PBXFileReference section */

/* Begin PBXFrameworksBuildPhase section */
		D04725E619E49ED7006002AA /* Frameworks */ = {
			isa = PBXFrameworksBuildPhase;
			buildActionMask = 2147483647;
			files = (
				156812B829C8611900BDE707 /* ReactiveObjC.xcframework in Frameworks */,
				156812B929C8611900BDE707 /* ReactiveSwift.xcframework in Frameworks */,
			);
			runOnlyForDeploymentPostprocessing = 0;
		};
/* End PBXFrameworksBuildPhase section */

/* Begin PBXGroup section */
		BE330A0D1D634F1E00806963 /* Frameworks */ = {
			isa = PBXGroup;
			children = (
				156812B629C8611900BDE707 /* ReactiveObjC.xcframework */,
				156812B729C8611900BDE707 /* ReactiveSwift.xcframework */,
				BEA5E5E41D864DF400A1F0F2 /* ReactiveObjC.framework */,
				BEA5E5E21D864DED00A1F0F2 /* ReactiveObjC.framework */,
				BEA5E5E01D864DE800A1F0F2 /* ReactiveObjC.framework */,
				BEA5E5DE1D864DDE00A1F0F2 /* ReactiveObjC.framework */,
				BEA5E5DC1D864DD800A1F0F2 /* ReactiveObjC.framework */,
				BEA5E5DA1D864DD100A1F0F2 /* ReactiveObjC.framework */,
				BEA5E5D81D864DC900A1F0F2 /* ReactiveObjC.framework */,
				BE330A1A1D634F5F00806963 /* ReactiveSwift.framework */,
				BE330A181D634F5900806963 /* ReactiveSwift.framework */,
				BE330A161D634F4E00806963 /* ReactiveSwift.framework */,
				BE330A141D634F4000806963 /* ReactiveSwift.framework */,
				BE330A121D634F2E00806963 /* ReactiveSwift.framework */,
				BE330A101D634F2900806963 /* ReactiveSwift.framework */,
				BE330A0E1D634F1E00806963 /* ReactiveSwift.framework */,
			);
			name = Frameworks;
			sourceTree = "<group>";
		};
		D04725E019E49ED7006002AA = {
			isa = PBXGroup;
			children = (
				D04725EC19E49ED7006002AA /* ReactiveObjCBridge */,
				D04725F919E49ED7006002AA /* ReactiveObjCBridgeTests */,
				D04725EB19E49ED7006002AA /* Products */,
				BE330A0D1D634F1E00806963 /* Frameworks */,
			);
			sourceTree = "<group>";
			usesTabs = 1;
		};
		D04725EB19E49ED7006002AA /* Products */ = {
			isa = PBXGroup;
			children = (
				D04725EA19E49ED7006002AA /* ReactiveObjCBridge.framework */,
			);
			name = Products;
			sourceTree = "<group>";
		};
		D04725EC19E49ED7006002AA /* ReactiveObjCBridge */ = {
			isa = PBXGroup;
			children = (
				D04725EF19E49ED7006002AA /* ReactiveObjCBridge.h */,
				D0C312C419EF2A5800984962 /* ObjectiveCBridging.swift */,
				9AB5CD631EDAC351004ECB57 /* RACScheduler+SwiftSupport.h */,
				9AB5CD641EDAC351004ECB57 /* RACScheduler+SwiftSupport.m */,
				D04725ED19E49ED7006002AA /* Supporting Files */,
			);
			path = ReactiveObjCBridge;
			sourceTree = "<group>";
		};
		D04725ED19E49ED7006002AA /* Supporting Files */ = {
			isa = PBXGroup;
			children = (
				CDC42E2E1AE7AB8B00965373 /* Result.framework */,
				D04725EE19E49ED7006002AA /* Info.plist */,
			);
			name = "Supporting Files";
			sourceTree = "<group>";
		};
		D04725F919E49ED7006002AA /* ReactiveObjCBridgeTests */ = {
			isa = PBXGroup;
			children = (
				D0A226101A72F30B00D33B74 /* ObjectiveCBridgingSpec.swift */,
				BEA5E5E61D864E7200A1F0F2 /* TestError.swift */,
				D04725FA19E49ED7006002AA /* Supporting Files */,
			);
			path = ReactiveObjCBridgeTests;
			sourceTree = "<group>";
		};
		D04725FA19E49ED7006002AA /* Supporting Files */ = {
			isa = PBXGroup;
			children = (
				D05E662419EDD82000904ACA /* Nimble.framework */,
				D037672B19EDA75D00A782A9 /* Quick.framework */,
				D04725FB19E49ED7006002AA /* Info.plist */,
			);
			name = "Supporting Files";
			sourceTree = "<group>";
		};
/* End PBXGroup section */

/* Begin PBXHeadersBuildPhase section */
		D04725E719E49ED7006002AA /* Headers */ = {
			isa = PBXHeadersBuildPhase;
			buildActionMask = 2147483647;
			files = (
				9AB5CD651EDAC351004ECB57 /* RACScheduler+SwiftSupport.h in Headers */,
				D04725F019E49ED7006002AA /* ReactiveObjCBridge.h in Headers */,
			);
			runOnlyForDeploymentPostprocessing = 0;
		};
/* End PBXHeadersBuildPhase section */

/* Begin PBXNativeTarget section */
		D04725E919E49ED7006002AA /* ReactiveObjCBridge */ = {
			isa = PBXNativeTarget;
			buildConfigurationList = D047260019E49ED7006002AA /* Build configuration list for PBXNativeTarget "ReactiveObjCBridge" */;
			buildPhases = (
				D04725E519E49ED7006002AA /* Sources */,
				D04725E619E49ED7006002AA /* Frameworks */,
				D04725E719E49ED7006002AA /* Headers */,
				D04725E819E49ED7006002AA /* Resources */,
			);
			buildRules = (
			);
			dependencies = (
			);
			name = ReactiveObjCBridge;
			productName = "ReactiveObjCBridge-macOS";
			productReference = D04725EA19E49ED7006002AA /* ReactiveObjCBridge.framework */;
			productType = "com.apple.product-type.framework";
		};
/* End PBXNativeTarget section */

/* Begin PBXProject section */
		D04725E119E49ED7006002AA /* Project object */ = {
			isa = PBXProject;
			attributes = {
				BuildIndependentTargetsInParallel = YES;
				LastSwiftUpdateCheck = 0730;
				LastUpgradeCheck = 1430;
				ORGANIZATIONNAME = GitHub;
				TargetAttributes = {
					D04725E919E49ED7006002AA = {
						CreatedOnToolsVersion = 6.1;
						LastSwiftMigration = 1010;
					};
				};
			};
			buildConfigurationList = D04725E419E49ED7006002AA /* Build configuration list for PBXProject "ReactiveObjCBridge" */;
			compatibilityVersion = "Xcode 3.2";
			developmentRegion = English;
			hasScannedForEncodings = 0;
			knownRegions = (
				English,
				en,
			);
			mainGroup = D04725E019E49ED7006002AA;
			productRefGroup = D04725EB19E49ED7006002AA /* Products */;
			projectDirPath = "";
			projectRoot = "";
			targets = (
				D04725E919E49ED7006002AA /* ReactiveObjCBridge */,
			);
		};
/* End PBXProject section */

/* Begin PBXResourcesBuildPhase section */
		D04725E819E49ED7006002AA /* Resources */ = {
			isa = PBXResourcesBuildPhase;
			buildActionMask = 2147483647;
			files = (
			);
			runOnlyForDeploymentPostprocessing = 0;
		};
/* End PBXResourcesBuildPhase section */

/* Begin PBXSourcesBuildPhase section */
		D04725E519E49ED7006002AA /* Sources */ = {
			isa = PBXSourcesBuildPhase;
			buildActionMask = 2147483647;
			files = (
				D0C312DF19EF2A5800984962 /* ObjectiveCBridging.swift in Sources */,
				9AB5CD691EDAC351004ECB57 /* RACScheduler+SwiftSupport.m in Sources */,
			);
			runOnlyForDeploymentPostprocessing = 0;
		};
/* End PBXSourcesBuildPhase section */

/* Begin XCBuildConfiguration section */
		D04725FE19E49ED7006002AA /* Debug */ = {
			isa = XCBuildConfiguration;
			buildSettings = {
				CLANG_ANALYZER_LOCALIZABILITY_NONLOCALIZED = YES;
				CLANG_WARN_BLOCK_CAPTURE_AUTORELEASING = YES;
				CLANG_WARN_BOOL_CONVERSION = YES;
				CLANG_WARN_COMMA = YES;
				CLANG_WARN_CONSTANT_CONVERSION = YES;
				CLANG_WARN_DEPRECATED_OBJC_IMPLEMENTATIONS = YES;
				CLANG_WARN_EMPTY_BODY = YES;
				CLANG_WARN_ENUM_CONVERSION = YES;
				CLANG_WARN_INFINITE_RECURSION = YES;
				CLANG_WARN_INT_CONVERSION = YES;
				CLANG_WARN_NON_LITERAL_NULL_CONVERSION = YES;
				CLANG_WARN_OBJC_IMPLICIT_RETAIN_SELF = YES;
				CLANG_WARN_OBJC_LITERAL_CONVERSION = YES;
				CLANG_WARN_QUOTED_INCLUDE_IN_FRAMEWORK_HEADER = NO;
				CLANG_WARN_RANGE_LOOP_ANALYSIS = YES;
				CLANG_WARN_STRICT_PROTOTYPES = YES;
				CLANG_WARN_SUSPICIOUS_MOVE = YES;
				CLANG_WARN_UNREACHABLE_CODE = YES;
				CLANG_WARN__DUPLICATE_METHOD_MATCH = YES;
				CODE_SIGNING_REQUIRED = NO;
				CURRENT_PROJECT_VERSION = 1;
				DEAD_CODE_STRIPPING = YES;
				ENABLE_STRICT_OBJC_MSGSEND = YES;
				ENABLE_TESTABILITY = YES;
				GCC_NO_COMMON_BLOCKS = YES;
				GCC_WARN_64_TO_32_BIT_CONVERSION = YES;
				GCC_WARN_ABOUT_RETURN_TYPE = YES;
				GCC_WARN_UNDECLARED_SELECTOR = YES;
				GCC_WARN_UNINITIALIZED_AUTOS = YES;
				GCC_WARN_UNUSED_FUNCTION = YES;
				GCC_WARN_UNUSED_VARIABLE = YES;
				IPHONEOS_DEPLOYMENT_TARGET = 12.0;
				MACOSX_DEPLOYMENT_TARGET = 10.13;
				ONLY_ACTIVE_ARCH = YES;
				PRODUCT_BUNDLE_IDENTIFIER = "org.reactivecocoa.$(PRODUCT_NAME:rfc1034identifier)";
				PRODUCT_NAME = "$(PROJECT_NAME)";
				SUPPORTED_PLATFORMS = "macosx iphonesimulator iphoneos appletvsimulator appletvos";
				SWIFT_VERSION = 5.0;
				TVOS_DEPLOYMENT_TARGET = 12.0;
				VERSIONING_SYSTEM = "apple-generic";
				VERSION_INFO_PREFIX = "";
				WATCHOS_DEPLOYMENT_TARGET = 2.0;
			};
			name = Debug;
		};
		D04725FF19E49ED7006002AA /* Release */ = {
			isa = XCBuildConfiguration;
			buildSettings = {
				CLANG_ANALYZER_LOCALIZABILITY_NONLOCALIZED = YES;
				CLANG_WARN_BLOCK_CAPTURE_AUTORELEASING = YES;
				CLANG_WARN_BOOL_CONVERSION = YES;
				CLANG_WARN_COMMA = YES;
				CLANG_WARN_CONSTANT_CONVERSION = YES;
				CLANG_WARN_DEPRECATED_OBJC_IMPLEMENTATIONS = YES;
				CLANG_WARN_EMPTY_BODY = YES;
				CLANG_WARN_ENUM_CONVERSION = YES;
				CLANG_WARN_INFINITE_RECURSION = YES;
				CLANG_WARN_INT_CONVERSION = YES;
				CLANG_WARN_NON_LITERAL_NULL_CONVERSION = YES;
				CLANG_WARN_OBJC_IMPLICIT_RETAIN_SELF = YES;
				CLANG_WARN_OBJC_LITERAL_CONVERSION = YES;
				CLANG_WARN_QUOTED_INCLUDE_IN_FRAMEWORK_HEADER = NO;
				CLANG_WARN_RANGE_LOOP_ANALYSIS = YES;
				CLANG_WARN_STRICT_PROTOTYPES = YES;
				CLANG_WARN_SUSPICIOUS_MOVE = YES;
				CLANG_WARN_UNREACHABLE_CODE = YES;
				CLANG_WARN__DUPLICATE_METHOD_MATCH = YES;
				CODE_SIGNING_REQUIRED = NO;
				CURRENT_PROJECT_VERSION = 1;
				DEAD_CODE_STRIPPING = YES;
				ENABLE_STRICT_OBJC_MSGSEND = YES;
				GCC_NO_COMMON_BLOCKS = YES;
				GCC_OPTIMIZATION_LEVEL = 0;
				GCC_WARN_64_TO_32_BIT_CONVERSION = YES;
				GCC_WARN_ABOUT_RETURN_TYPE = YES;
				GCC_WARN_UNDECLARED_SELECTOR = YES;
				GCC_WARN_UNINITIALIZED_AUTOS = YES;
				GCC_WARN_UNUSED_FUNCTION = YES;
				GCC_WARN_UNUSED_VARIABLE = YES;
				IPHONEOS_DEPLOYMENT_TARGET = 12.0;
				MACOSX_DEPLOYMENT_TARGET = 10.13;
				PRODUCT_BUNDLE_IDENTIFIER = "org.reactivecocoa.$(PRODUCT_NAME:rfc1034identifier)";
				PRODUCT_NAME = "$(PROJECT_NAME)";
				SUPPORTED_PLATFORMS = "macosx iphonesimulator iphoneos appletvsimulator appletvos";
				SWIFT_COMPILATION_MODE = wholemodule;
				SWIFT_VERSION = 5.0;
				TVOS_DEPLOYMENT_TARGET = 12.0;
				VERSIONING_SYSTEM = "apple-generic";
				VERSION_INFO_PREFIX = "";
				WATCHOS_DEPLOYMENT_TARGET = 2.0;
			};
			name = Release;
		};
		D047260119E49ED7006002AA /* Debug */ = {
			isa = XCBuildConfiguration;
			buildSettings = {
				CLANG_ENABLE_OBJC_WEAK = YES;
				DEAD_CODE_STRIPPING = YES;
				DYLIB_COMPATIBILITY_VERSION = 1;
				DYLIB_CURRENT_VERSION = 1;
				FRAMEWORK_SEARCH_PATHS = (
					"$(inherited)",
					"$(PROJECT_DIR)/build/Debug",
				);
				FRAMEWORK_VERSION = A;
				INFOPLIST_FILE = ReactiveObjCBridge/Info.plist;
				MACH_O_TYPE = staticlib;
				MACOSX_DEPLOYMENT_TARGET = "$(RECOMMENDED_MACOSX_DEPLOYMENT_TARGET)";
				MODULEMAP_FILE = "$(SRCROOT)/ReactiveObjCBridge/module.modulemap";
				SWIFT_VERSION = 5.0;
			};
			name = Debug;
		};
		D047260219E49ED7006002AA /* Release */ = {
			isa = XCBuildConfiguration;
			buildSettings = {
				CLANG_ENABLE_OBJC_WEAK = YES;
				DEAD_CODE_STRIPPING = YES;
				DYLIB_COMPATIBILITY_VERSION = 1;
				DYLIB_CURRENT_VERSION = 1;
				FRAMEWORK_SEARCH_PATHS = (
					"$(inherited)",
					"$(PROJECT_DIR)/build/Debug",
				);
				FRAMEWORK_VERSION = A;
				INFOPLIST_FILE = ReactiveObjCBridge/Info.plist;
				MACH_O_TYPE = staticlib;
				MACOSX_DEPLOYMENT_TARGET = "$(RECOMMENDED_MACOSX_DEPLOYMENT_TARGET)";
				MODULEMAP_FILE = "$(SRCROOT)/ReactiveObjCBridge/module.modulemap";
				SWIFT_VERSION = 5.0;
			};
			name = Release;
		};
		D047263D19E4A008006002AA /* Profile */ = {
			isa = XCBuildConfiguration;
			buildSettings = {
				CLANG_ANALYZER_LOCALIZABILITY_NONLOCALIZED = YES;
				CLANG_WARN_BLOCK_CAPTURE_AUTORELEASING = YES;
				CLANG_WARN_BOOL_CONVERSION = YES;
				CLANG_WARN_COMMA = YES;
				CLANG_WARN_CONSTANT_CONVERSION = YES;
				CLANG_WARN_DEPRECATED_OBJC_IMPLEMENTATIONS = YES;
				CLANG_WARN_EMPTY_BODY = YES;
				CLANG_WARN_ENUM_CONVERSION = YES;
				CLANG_WARN_INFINITE_RECURSION = YES;
				CLANG_WARN_INT_CONVERSION = YES;
				CLANG_WARN_NON_LITERAL_NULL_CONVERSION = YES;
				CLANG_WARN_OBJC_IMPLICIT_RETAIN_SELF = YES;
				CLANG_WARN_OBJC_LITERAL_CONVERSION = YES;
				CLANG_WARN_QUOTED_INCLUDE_IN_FRAMEWORK_HEADER = NO;
				CLANG_WARN_RANGE_LOOP_ANALYSIS = YES;
				CLANG_WARN_STRICT_PROTOTYPES = YES;
				CLANG_WARN_SUSPICIOUS_MOVE = YES;
				CLANG_WARN_UNREACHABLE_CODE = YES;
				CLANG_WARN__DUPLICATE_METHOD_MATCH = YES;
				CODE_SIGNING_REQUIRED = NO;
				CURRENT_PROJECT_VERSION = 1;
				DEAD_CODE_STRIPPING = YES;
				ENABLE_STRICT_OBJC_MSGSEND = YES;
				GCC_NO_COMMON_BLOCKS = YES;
				GCC_WARN_64_TO_32_BIT_CONVERSION = YES;
				GCC_WARN_ABOUT_RETURN_TYPE = YES;
				GCC_WARN_UNDECLARED_SELECTOR = YES;
				GCC_WARN_UNINITIALIZED_AUTOS = YES;
				GCC_WARN_UNUSED_FUNCTION = YES;
				GCC_WARN_UNUSED_VARIABLE = YES;
				IPHONEOS_DEPLOYMENT_TARGET = 12.0;
				MACOSX_DEPLOYMENT_TARGET = 10.13;
				PRODUCT_BUNDLE_IDENTIFIER = "org.reactivecocoa.$(PRODUCT_NAME:rfc1034identifier)";
				PRODUCT_NAME = "$(PROJECT_NAME)";
				SUPPORTED_PLATFORMS = "macosx iphonesimulator iphoneos appletvsimulator appletvos";
				SWIFT_VERSION = 5.0;
				TVOS_DEPLOYMENT_TARGET = 12.0;
				VERSIONING_SYSTEM = "apple-generic";
				VERSION_INFO_PREFIX = "";
				WATCHOS_DEPLOYMENT_TARGET = 2.0;
			};
			name = Profile;
		};
		D047263E19E4A008006002AA /* Profile */ = {
			isa = XCBuildConfiguration;
			buildSettings = {
				CLANG_ENABLE_OBJC_WEAK = YES;
				DEAD_CODE_STRIPPING = YES;
				DYLIB_COMPATIBILITY_VERSION = 1;
				DYLIB_CURRENT_VERSION = 1;
				FRAMEWORK_SEARCH_PATHS = (
					"$(inherited)",
					"$(PROJECT_DIR)/build/Debug",
				);
				FRAMEWORK_VERSION = A;
				INFOPLIST_FILE = ReactiveObjCBridge/Info.plist;
				MACH_O_TYPE = staticlib;
				MACOSX_DEPLOYMENT_TARGET = "$(RECOMMENDED_MACOSX_DEPLOYMENT_TARGET)";
				MODULEMAP_FILE = "$(SRCROOT)/ReactiveObjCBridge/module.modulemap";
				SWIFT_VERSION = 5.0;
			};
			name = Profile;
		};
		D047264219E4A00B006002AA /* Test */ = {
			isa = XCBuildConfiguration;
			buildSettings = {
				CLANG_ANALYZER_LOCALIZABILITY_NONLOCALIZED = YES;
				CLANG_WARN_BLOCK_CAPTURE_AUTORELEASING = YES;
				CLANG_WARN_BOOL_CONVERSION = YES;
				CLANG_WARN_COMMA = YES;
				CLANG_WARN_CONSTANT_CONVERSION = YES;
				CLANG_WARN_DEPRECATED_OBJC_IMPLEMENTATIONS = YES;
				CLANG_WARN_EMPTY_BODY = YES;
				CLANG_WARN_ENUM_CONVERSION = YES;
				CLANG_WARN_INFINITE_RECURSION = YES;
				CLANG_WARN_INT_CONVERSION = YES;
				CLANG_WARN_NON_LITERAL_NULL_CONVERSION = YES;
				CLANG_WARN_OBJC_IMPLICIT_RETAIN_SELF = YES;
				CLANG_WARN_OBJC_LITERAL_CONVERSION = YES;
				CLANG_WARN_QUOTED_INCLUDE_IN_FRAMEWORK_HEADER = NO;
				CLANG_WARN_RANGE_LOOP_ANALYSIS = YES;
				CLANG_WARN_STRICT_PROTOTYPES = YES;
				CLANG_WARN_SUSPICIOUS_MOVE = YES;
				CLANG_WARN_UNREACHABLE_CODE = YES;
				CLANG_WARN__DUPLICATE_METHOD_MATCH = YES;
				CODE_SIGNING_REQUIRED = NO;
				CURRENT_PROJECT_VERSION = 1;
				DEAD_CODE_STRIPPING = YES;
				ENABLE_STRICT_OBJC_MSGSEND = YES;
				GCC_NO_COMMON_BLOCKS = YES;
				GCC_WARN_64_TO_32_BIT_CONVERSION = YES;
				GCC_WARN_ABOUT_RETURN_TYPE = YES;
				GCC_WARN_UNDECLARED_SELECTOR = YES;
				GCC_WARN_UNINITIALIZED_AUTOS = YES;
				GCC_WARN_UNUSED_FUNCTION = YES;
				GCC_WARN_UNUSED_VARIABLE = YES;
				IPHONEOS_DEPLOYMENT_TARGET = 12.0;
				MACOSX_DEPLOYMENT_TARGET = 10.13;
				PRODUCT_BUNDLE_IDENTIFIER = "org.reactivecocoa.$(PRODUCT_NAME:rfc1034identifier)-Tests";
				PRODUCT_NAME = "$(PROJECT_NAME)";
				SUPPORTED_PLATFORMS = "macosx iphonesimulator iphoneos appletvsimulator appletvos";
				SWIFT_VERSION = 5.0;
				TVOS_DEPLOYMENT_TARGET = 12.0;
				VERSIONING_SYSTEM = "apple-generic";
				VERSION_INFO_PREFIX = "";
				WATCHOS_DEPLOYMENT_TARGET = 2.0;
			};
			name = Test;
		};
		D047264319E4A00B006002AA /* Test */ = {
			isa = XCBuildConfiguration;
			buildSettings = {
				CLANG_ENABLE_OBJC_WEAK = YES;
				DEAD_CODE_STRIPPING = YES;
				DYLIB_COMPATIBILITY_VERSION = 1;
				DYLIB_CURRENT_VERSION = 1;
				FRAMEWORK_SEARCH_PATHS = (
					"$(inherited)",
					"$(PROJECT_DIR)/build/Debug",
				);
				FRAMEWORK_VERSION = A;
				INFOPLIST_FILE = ReactiveObjCBridge/Info.plist;
				MACH_O_TYPE = staticlib;
				MACOSX_DEPLOYMENT_TARGET = "$(RECOMMENDED_MACOSX_DEPLOYMENT_TARGET)";
				MODULEMAP_FILE = "$(SRCROOT)/ReactiveObjCBridge/module.modulemap";
				SWIFT_VERSION = 5.0;
			};
			name = Test;
		};
/* End XCBuildConfiguration section */

/* Begin XCConfigurationList section */
		D04725E419E49ED7006002AA /* Build configuration list for PBXProject "ReactiveObjCBridge" */ = {
			isa = XCConfigurationList;
			buildConfigurations = (
				D04725FE19E49ED7006002AA /* Debug */,
				D047264219E4A00B006002AA /* Test */,
				D04725FF19E49ED7006002AA /* Release */,
				D047263D19E4A008006002AA /* Profile */,
			);
			defaultConfigurationIsVisible = 0;
			defaultConfigurationName = Release;
		};
		D047260019E49ED7006002AA /* Build configuration list for PBXNativeTarget "ReactiveObjCBridge" */ = {
			isa = XCConfigurationList;
			buildConfigurations = (
				D047260119E49ED7006002AA /* Debug */,
				D047264319E4A00B006002AA /* Test */,
				D047260219E49ED7006002AA /* Release */,
				D047263E19E4A008006002AA /* Profile */,
			);
			defaultConfigurationIsVisible = 0;
			defaultConfigurationName = Release;
		};
/* End XCConfigurationList section */
	};
	rootObject = D04725E119E49ED7006002AA /* Project object */;
}
